
Microsoft Visual Studio Solution File, Format Version 12.00
# Visual Studio Version 16
VisualStudioVersion = 16.0.29613.14
MinimumVisualStudioVersion = 10.0.40219.1
Project("{FAE04EC0-301F-11D3-BF4B-00C04F79EFBC}") = "RazorPagesMovie", "RazorPagesMovie\RazorPagesMovie.csproj", "{DDE6FDB9-113B-4829-A22D-C1A25E2BD1DE}"
EndProject
Global
	GlobalSection(SolutionConfigurationPlatforms) = preSolution
		Debug|Any CPU = Debug|Any CPU
		Release|Any CPU = Release|Any CPU
	EndGlobalSection
	GlobalSection(ProjectConfigurationPlatforms) = postSolution
		{DDE6FDB9-113B-4829-A22D-C1A25E2BD1DE}.Debug|Any CPU.ActiveCfg = Debug|Any CPU
		{DDE6FDB9-113B-4829-A22D-C1A25E2BD1DE}.Debug|Any CPU.Build.0 = Debug|Any CPU
		{DDE6FDB9-113B-4829-A22D-C1A25E2BD1DE}.Release|Any CPU.ActiveCfg = Release|Any CPU
		{DDE6FDB9-113B-4829-A22D-C1A25E2BD1DE}.Release|Any CPU.Build.0 = Release|Any CPU
	EndGlobalSection
	GlobalSection(SolutionProperties) = preSolution
		HideSolutionNode = FALSE
	EndGlobalSection
	GlobalSection(ExtensibilityGlobals) = postSolution
		SolutionGuid = {EF7CCA0D-0BFF-4E44-A4E9-F3F1AA7C5F18}
	EndGlobalSection
EndGlobal
